
Microsoft Visual Studio Solution File, Format Version 12.00
# Visual Studio Version 16
VisualStudioVersion = 16.0.31112.23
MinimumVisualStudioVersion = 10.0.40219.1
Project("{9A19103F-16F7-4668-BE54-9A1E7A4F7556}") = "Parcial1-aplicada2-2017-0826", "Parcial1-aplicada2-2017-0826.csproj", "{46C7716D-3F80-434A-BB87-574C6F9B1BA6}"
EndProject
Global
	GlobalSection(SolutionConfigurationPlatforms) = preSolution
		Debug|Any CPU = Debug|Any CPU
		Release|Any CPU = Release|Any CPU
	EndGlobalSection
	GlobalSection(ProjectConfigurationPlatforms) = postSolution
		{46C7716D-3F80-434A-BB87-574C6F9B1BA6}.Debug|Any CPU.ActiveCfg = Debug|Any CPU
		{46C7716D-3F80-434A-BB87-574C6F9B1BA6}.Debug|Any CPU.Build.0 = Debug|Any CPU
		{46C7716D-3F80-434A-BB87-574C6F9B1BA6}.Release|Any CPU.ActiveCfg = Release|Any CPU
		{46C7716D-3F80-434A-BB87-574C6F9B1BA6}.Release|Any CPU.Build.0 = Release|Any CPU
	EndGlobalSection
	GlobalSection(SolutionProperties) = preSolution
		HideSolutionNode = FALSE
	EndGlobalSection
	GlobalSection(ExtensibilityGlobals) = postSolution
		SolutionGuid = {8F54EC68-C2BA-40C0-8ED1-738643A8D9A6}
	EndGlobalSection
EndGlobal
